{
  "version": 4,
  "terraform_version": "1.4.4",
  "serial": 223,
  "lineage": "8e6c7aee-a60a-b97e-36bf-fa1b934446df",
  "outputs": {},
  "resources": [
    {
      "mode": "managed",
      "type": "aws_instance",
      "name": "team2_final_assignment2",
      "provider": "provider[\"registry.terraform.io/hashicorp/aws\"]",
      "instances": []
    },
    {
      "mode": "managed",
      "type": "aws_key_pair",
      "name": "team2_final_assignment_key_pair",
      "provider": "provider[\"registry.terraform.io/hashicorp/aws\"]",
      "instances": [
        {
          "schema_version": 1,
          "attributes": {
            "arn": "arn:aws:ec2:eu-north-1:292346113978:key-pair/team2_key_pair2",
            "fingerprint": "c1:0b:c7:05:49:82:26:98:ab:e9:4b:b6:16:b0:c4:74",
            "id": "team2_key_pair2",
            "key_name": "team2_key_pair2",
            "key_name_prefix": "",
            "key_pair_id": "key-0b6dd6bf834acaadc",
            "key_type": "rsa",
            "public_key": "ssh-rsa AAAAB3NzaC1yc2EAAAADAQABAAACAQCzQmU4QUNfU8r6DwPc8zxV5dI+utanWNnDZjri61v2F8DHjeUg6F/0UGsQ3XDjgqVVjb67mGJft5r8O3hw7M0Z5NHop1sENbF56tySax5j9HGc9Z2PP2Gy68tvWLdsdP+aupvqgufHHvtDkearAmTumR95Fj7b5nFA2r5WFEe3sBJqp2xlyMQpEfJetdOAdyJTY4YW1vOrU4qt9EcLp3pizFgDDD/yZ0vFNa1wKFWnVzvQTDhEmzUGjUciR/HydvaAZONsm2Nz4/6BBIn5eIrcEyFpSCDbPhR7FIl/twTzH06HUSiP0NM69BDSEqiztPd4ABfUykVRHMhxGA/+PLVh/SJU2aZtLM841kwAyocFWZzdfW70DF8RkfjSRBu3EbL58waC9x7LntqumM197J046UOOD6TRq/x5ezz5L1Acf383NVo+QniEvIyrmT7rQIVIljnZPEWxky7IF6OCMxxVGMoN/bknSjWlbDkHwd6Cgcn2qNVTG4RVRHGa7qE5wE8icrYHuMORSwoNrZvaGpjf1ZZ/KhObFFUDDrLouQDf8oIz0hvzWL6EG9JLpf/DSo5tgAXDeWvR7mD9Vynr2tq8peObRxzUukOiVPtpnNGCpS5mKP0Eq50BRxFSoqXFZDHUBf8XgFJFSWxn5l77I5viA3a/lMv4v98IPEVpOGSn6Q== sgtuser@sgtuser-HP-EliteBook-840-G5",
            "tags": {},
            "tags_all": {}
          },
          "sensitive_attributes": [],
          "private": "eyJzY2hlbWFfdmVyc2lvbiI6IjEifQ=="
        }
      ]
    }
  ],
  "check_results": null
}
